
Microsoft Visual Studio Solution File, Format Version 12.00
# Visual Studio Version 17
VisualStudioVersion = 17.7.34031.279
MinimumVisualStudioVersion = 10.0.40219.1
Project("{FAE04EC0-301F-11D3-BF4B-00C04F79EFBC}") = "LineDrawingExtractor", "LineDrawingExtractor\LineDrawingExtractor.csproj", "{34C21094-44A6-455C-A637-5649E50E6372}"
EndProject
Global
	GlobalSection(SolutionConfigurationPlatforms) = preSolution
		Debug|Any CPU = Debug|Any CPU
		Release|Any CPU = Release|Any CPU
	EndGlobalSection
	GlobalSection(ProjectConfigurationPlatforms) = postSolution
		{34C21094-44A6-455C-A637-5649E50E6372}.Debug|Any CPU.ActiveCfg = Debug|Any CPU
		{34C21094-44A6-455C-A637-5649E50E6372}.Debug|Any CPU.Build.0 = Debug|Any CPU
		{34C21094-44A6-455C-A637-5649E50E6372}.Release|Any CPU.ActiveCfg = Release|Any CPU
		{34C21094-44A6-455C-A637-5649E50E6372}.Release|Any CPU.Build.0 = Release|Any CPU
	EndGlobalSection
	GlobalSection(SolutionProperties) = preSolution
		HideSolutionNode = FALSE
	EndGlobalSection
	GlobalSection(ExtensibilityGlobals) = postSolution
		SolutionGuid = {92E92AB4-ABEF-416E-AB8C-76AF7E34DDDB}
	EndGlobalSection
EndGlobal
